dependencies:
  espressif/cmake_utilities:
    component_hash: 351350613ceafba240b761b4ea991e0f231ac7a9f59a9ee901f751bddc0bb18f
    dependencies:
    - name: idf
      require: private
      version: '>=4.1'
    source:
      registry_url: https://components.espressif.com
      type: service
    version: 0.5.3
  espressif/eppp_link:
    component_hash: 04f7f31868b8ae6014c96132740a192d09611a6e46aaa7038c865ffc7e26b38f
    dependencies:
    - name: espressif/esp_serial_slave_link
      registry_url: https://components.espressif.com
      require: private
      version: ^1.1.0
    - name: idf
      require: private
      version: '>=5.2'
    source:
      registry_url: https://components.espressif.com
      type: service
    version: 1.1.5
  espressif/es8311:
    component_hash: 46b3117250344bb03f143d5e2becf81cfb111679fbd7b95cefc2d302d36cc393
    dependencies:
    - name: idf
      require: private
      version: '>=4.4,<6.0'
    source:
      registry_url: https://components.espressif.com/
      type: service
    version: 1.0.0~1
  espressif/esp-dsp:
    component_hash: ed9ac175b14e0414399a2b33c525579414b5bad19a2a67b12ea212def96f9a98
    dependencies:
    - name: idf
      require: private
      version: '>=4.2'
    source:
      registry_url: https://components.espressif.com/
      type: service
    version: 1.8.2
  espressif/esp32_p4_function_ev_board:
    component_hash: 2a254420aaeab1e14895fa766ee2d2415af46289f9a60e5090a12632bd44d0ae
    dependencies:
    - name: espressif/esp_lcd_ek79007
      registry_url: https://components.espressif.com
      require: private
      version: '>=0.1.0,<1.0.0'
    - name: espressif/esp_lcd_ili9881c
      registry_url: https://components.espressif.com
      require: private
      version: '>=0.2.0,<1.0.0'
    - name: espressif/esp_lcd_touch_gt911
      registry_url: https://components.espressif.com
      require: private
      version: ^1
    - name: espressif/esp_lvgl_port
      registry_url: https://components.espressif.com
      require: public
      version: ^2
    - name: lvgl/lvgl
      registry_url: https://components.espressif.com
      require: private
      version: '>=8,<10'
    - name: idf
      require: private
      version: '>=5.3'
    source:
      registry_url: https://components.espressif.com/
      type: service
    targets:
    - esp32p4
    version: 3.0.1
  espressif/esp_hosted:
    component_hash: 59c68fc3a8f25388b9a239ddec5f7bc81e6310d51108db1688e129e791450c31
    dependencies:
    - name: idf
      require: private
      version: '>=5.3'
    source:
      registry_url: https://components.espressif.com/
      type: service
    version: 2.12.9
  espressif/esp_lcd_ek79007:
    component_hash: 7902d6fa8586bca600626eb366dc57702155626eabcc5d02454676e8cc78bf8b
    dependencies:
    - name: idf
      require: private
      version: '>=5.3'
    - name: espressif/cmake_utilities
      registry_url: https://components.espressif.com
      require: private
      version: 0.*
    source:
      registry_url: https://components.espressif.com
      type: service
    targets:
    - esp32p4
    version: 0.1.0
  espressif/esp_lcd_ili9881c:
    component_hash: 13869f4b132143a3181344af392d42e2f29124c2a1f4b45a7d9bcd47d213a1be
    dependencies:
    - name: idf
      require: private
      version: '>=5.3'
    source:
      registry_url: https://components.espressif.com
      type: service
    version: 0.2.0
  espressif/esp_lcd_touch:
    component_hash: 3f85a7d95af876f1a6ecca8eb90a81614890d0f03a038390804e5a77e2caf862
    dependencies:
    - name: idf
      require: private
      version: '>=4.4.2'
    source:
      registry_url: https://components.espressif.com
      type: service
    version: 1.2.1
  espressif/esp_lcd_touch_gt911:
    component_hash: 6029febef66eefd0910d527d7f30292779ccbf22a8dedd2bd69466acf0068a7b
    dependencies:
    - name: espressif/esp_lcd_touch
      registry_url: https://components.espressif.com
      require: public
      version: ^1.2.0
    - name: idf
      require: private
      version: '>=5.2'
    source:
      registry_url: https://components.espressif.com
      type: service
    version: 1.2.0~2
  espressif/esp_lvgl_port:
    component_hash: 378e8c7c11866041ac16a67387c6e44016aea63566613a1321b2f077ee523c53
    dependencies:
    - name: idf
      require: private
      version: '>=4.4'
    - name: lvgl/lvgl
      registry_url: https://components.espressif.com
      require: public
      version: '>=8,<10'
    source:
      registry_url: https://components.espressif.com/
      type: service
    version: 2.4.4
  espressif/esp_serial_slave_link:
    component_hash: ac1776806de0a6e371c84e87898bb983e19ce62aa7f1e2e5c4a3b0234a575d2c
    dependencies:
    - name: idf
      require: private
      version: '>=5.0'
    source:
      registry_url: https://components.espressif.com
      type: service
    version: 1.1.2
  espressif/esp_wifi_remote:
    component_hash: caa856dac9d28afacafbaefdaaef3fffdf3f9149c6011ba36ac680a13f5fc19f
    dependencies:
    - name: espressif/esp_hosted
      registry_url: https://components.espressif.com
      require: private
      rules:
      - if: target in [esp32h2, esp32p4]
      version: '>=2.11'
    - name: espressif/wifi_remote_over_eppp
      registry_url: https://components.espressif.com
      require: private
      version: '>=0.1'
    - name: idf
      require: private
      version: '>=5.3'
    source:
      registry_url: https://components.espressif.com/
      type: service
    version: 1.6.1
  espressif/mdns:
    component_hash: 291732b5df4d181eb75eba9042799a508c4c124503a0c0573132a0a48d2e3fbe
    dependencies:
    - name: idf
      require: private
      version: '>=5.0'
    source:
      registry_url: https://components.espressif.com/
      type: service
    version: 1.11.2
  espressif/usb_host_uac:
    component_hash: 02f7e669b4dae033347e4523acaed4b8c402290a887878d396811c4bee47cc46
    dependencies:
    - name: espressif/cmake_utilities
      registry_url: https://components.espressif.com
      require: private
      version: 0.5.*
    - name: idf
      require: private
      version: '>=5.0'
    - name: espressif/usb
      registry_url: https://components.espressif.com
      require: public
      rules:
      - if: idf_version >=6.0
      - if: target not in ["linux"]
      version: ^1.0.0
    source:
      registry_url: https://components.espressif.com/
      type: service
    targets:
    - esp32s2
    - esp32s3
    - esp32s31
    - esp32p4
    - esp32h4
    - linux
    version: 1.5.0
  espressif/wifi_remote_over_eppp:
    component_hash: 06d8bc15348bbd21f1390daace36ed5adcf6026c93c5b69decc55fa04df2711a
    dependencies:
    - name: idf
      require: private
      version: '>=5.3'
    - name: espressif/eppp_link
      registry_url: https://components.espressif.com
      require: private
      version: '>=0.1'
    source:
      registry_url: https://components.espressif.com
      type: service
    version: 0.3.2
  idf:
    source:
      type: idf
    version: 5.5.2
  lvgl/lvgl:
    component_hash: 184e532558c1c45fefed631f3e235423d22582aafb4630f3e8885c35281a49ae
    dependencies: []
    source:
      registry_url: https://components.espressif.com
      type: service
    version: 9.5.0
direct_dependencies:
- espressif/es8311
- espressif/esp-dsp
- espressif/esp32_p4_function_ev_board
- espressif/esp_hosted
- espressif/esp_lvgl_port
- espressif/esp_wifi_remote
- espressif/mdns
- espressif/usb_host_uac
manifest_hash: 1eb0787bb6e10bc83b39b63e2aa8de1a81fc480276198d1a0a4ca9ea3ab17b25
target: esp32p4
version: 2.0.0
